
Microsoft Visual Studio Solution File, Format Version 12.00
# Visual Studio Version 16
VisualStudioVersion = 16.0.31129.286
MinimumVisualStudioVersion = 10.0.40219.1
Project("{FAE04EC0-301F-11D3-BF4B-00C04F79EFBC}") = "UserManagement", "UserManagement\UserManagement.csproj", "{92489B3A-EB8C-49CA-A201-20223AADA208}"
EndProject
Project("{FAE04EC0-301F-11D3-BF4B-00C04F79EFBC}") = "UserManagementTest", "UserManagementTest\UserManagementTest.csproj", "{7E35C816-AD9D-404A-BF9C-7D153E526496}"
EndProject
Global
	GlobalSection(SolutionConfigurationPlatforms) = preSolution
		Debug|Any CPU = Debug|Any CPU
		Release|Any CPU = Release|Any CPU
	EndGlobalSection
	GlobalSection(ProjectConfigurationPlatforms) = postSolution
		{92489B3A-EB8C-49CA-A201-20223AADA208}.Debug|Any CPU.ActiveCfg = Debug|Any CPU
		{92489B3A-EB8C-49CA-A201-20223AADA208}.Debug|Any CPU.Build.0 = Debug|Any CPU
		{92489B3A-EB8C-49CA-A201-20223AADA208}.Release|Any CPU.ActiveCfg = Release|Any CPU
		{92489B3A-EB8C-49CA-A201-20223AADA208}.Release|Any CPU.Build.0 = Release|Any CPU
		{7E35C816-AD9D-404A-BF9C-7D153E526496}.Debug|Any CPU.ActiveCfg = Debug|Any CPU
		{7E35C816-AD9D-404A-BF9C-7D153E526496}.Debug|Any CPU.Build.0 = Debug|Any CPU
		{7E35C816-AD9D-404A-BF9C-7D153E526496}.Release|Any CPU.ActiveCfg = Release|Any CPU
		{7E35C816-AD9D-404A-BF9C-7D153E526496}.Release|Any CPU.Build.0 = Release|Any CPU
	EndGlobalSection
	GlobalSection(SolutionProperties) = preSolution
		HideSolutionNode = FALSE
	EndGlobalSection
	GlobalSection(ExtensibilityGlobals) = postSolution
		SolutionGuid = {CA15F4B2-23CE-41D1-A2F2-D22A4BF7496F}
	EndGlobalSection
EndGlobal
